github.com/auth0/go-jwt-middleware/v2 v2.2.0 h1:4WTpcHh+VZJOLEnS4E+hh+vP96Jy1tSbJOMnbJ29/KI=
github.com/auth0/go-jwt-middleware/v2 v2.2.0/go.mod h1:BFCz+RF+1szSkrGNJLYn2ng2PtfzBiKR6fynTvS2A/k=
github.com/auth0/go-jwt-middleware/v2 v2.2.2 h1:vrvkFZf72r3Qbt45KLjBG3/6Xq2r3NTixWKu2e8de9I=
github.com/auth0/go-jwt-middleware/v2 v2.2.2/go.mod h1:4vwxpVtu/Kl4c4HskT+gFLjq0dra8F1joxzamrje6J0=
github.com/coreos/go-oidc/v3 v3.11.0 h1:Ia3MxdwpSw702YW0xgfmP1GVCMA9aEFWu12XUZ3/OtI=
github.com/coreos/go-oidc/v3 v3.11.0/go.mod h1:gE3LgjOgFoHi9a4ce4/tJczr0Ai2/BoDhf0r5lltWI0=
github.com/davecgh/go-spew v1.1.0/go.mod h1:J7Y8YcW2NihsgmVo/mv3lAwl/skON4iLHjSsI+c5H38=
github.com/davecgh/go-spew v1.1.1 h1:vj9j/u1bqnvCEfJOwUhtlOARqs3+rkHYY13jYWTU97c=
github.com/davecgh/go-spew v1.1.1/go.mod h1:J7Y8YcW2NihsgmVo/mv3lAwl/skON4iLHjSsI+c5H38=
github.com/go-jose/go-jose/v4 v4.0.2 h1:R3l3kkBds16bO7ZFAEEcofK0MkrAJt3jlJznWZG0nvk=
github.com/go-jose/go-jose/v4 v4.0.2/go.mod h1:WVf9LFMHh/QVrmqrOfqun0C45tMe3RoiKJMPvgWwLfY=
github.com/gorilla/securecookie v1.1.2 h1:YCIWL56dvtr73r6715mJs5ZvhtnY73hBvEF8kXD8ePA=
github.com/gorilla/securecookie v1.1.2/go.mod h1:NfCASbcHqRSY+3a8tlWJwsQap2VX5pwzwo4h3eOamfo=
github.com/gorilla/sessions v1.4.0 h1:kpIYOp/oi6MG/p5PgxApU8srsSw9tuFbt46Lt7auzqQ=
github.com/gorilla/sessions v1.4.0/go.mod h1:FLWm50oby91+hl7p/wRxDth9bWSuk0qVL2emc7lT5ik=
github.com/joho/godotenv v1.5.1/go.mod h1:f4LDr5Voq0i2e/R5DDNOoa2zzDfwtkZa6DnEwAbqwq4=
github.com/lestrrat-go/jspointer v0.0.0-20181205001929-82fadba7561c h1:pGh5EFIfczeDHwgMHgfwjhZzL+8/E3uZF6T7vER/W8c=
github.com/lestrrat-go/jspointer v0.0.0-20181205001929-82fadba7561c/go.mod h1:xw2Gm4Mg+ST9s8fHR1VkUIyOJMJnSloRZlPQB+wyVpY=
github.com/lestrrat-go/jsref v0.0.0-20211028120858-c0bcbb5abf20 h1:E1vlSQTLj+2EK0mrFGDc57u3QN7RybAUiGEOUAlYRd0=
github.com/lestrrat-go/jsref v0.0.0-20211028120858-c0bcbb5abf20/go.mod h1:A5HUnnciqLnCzBsUqvspKKUgIkA+i/4dSaqmKV/D2Pw=
github.com/lestrrat-go/jsschema v0.0.0-20181205002244-5c81c58ffcc3 h1:TSKrrGm89gmmVlrG34ZzCIOMNVk5kkSV1P88Dt38DiE=
github.com/lestrrat-go/jsschema v0.0.0-20181205002244-5c81c58ffcc3/go.mod h1:SVfIykmWQyFuRToBTKQ8AcveWeOunS2phYxA8hJ/6Gg=
github.com/lestrrat-go/jsval v0.0.0-20181205002323-20277e9befc0 h1:w4rIjeCV/gQpxtn3i1voyF6Hd7v1mRGIB63F7RZOk1U=
github.com/lestrrat-go/jsval v0.0.0-20181205002323-20277e9befc0/go.mod h1:hazjwMAn+trtmUnjvhIzSIZ0YS+2egAMonQMjDhcC2s=
github.com/lestrrat-go/option v1.0.0 h1:WqAWL8kh8VcSoD6xjSH34/1m8yxluXQbDeKNfvFeEO4=
github.com/lestrrat-go/option v1.0.0/go.mod h1:5ZHFbivi4xwXxhxY9XHDe2FHo6/Z7WWmtT7T5nBBp3I=
github.com/lestrrat-go/pdebug v0.0.0-20210111095411-35b07dbf089b h1:2v0K4PeWeccG1wpznCE71PqO5scFzSj3jZGkQaVYEWg=
github.com/lestrrat-go/pdebug v0.0.0-20210111095411-35b07dbf089b/go.mod h1:RbVbom7RDVgpH5IqUPbhJ425z9iRIRH0tRWp+uxEjCE=
github.com/lestrrat-go/structinfo v0.0.0-20210312050401-7f8bd69d6acb h1:DDg5u5lk2v8O8qxs8ecQkMUBj3tLW6wkSLzxxOyi1Ig=
github.com/lestrrat-go/structinfo v0.0.0-20210312050401-7f8bd69d6acb/go.mod h1:i+E8Uf04vf2QjOWyJdGY75vmG+4rxiZW2kIj1lTB5mo=
github.com/lestrrat/go-jsschema v0.0.0-20181205002244-5c81c58ffcc3 h1:UaOmzcaCH2ziMcSbQFBq/3Iuz/E/Jr/GOGtV80jpFII=
github.com/lestrrat/go-jsschema v0.0.0-20181205002244-5c81c58ffcc3/go.mod h1:mwYHT2Axb+cWge5Mj02uHhpi6Gfag30trq7E7AOMAdY=
github.com/pkg/errors v0.9.1 h1:FEBLx1zS214owpjy7qsBeixbURkuhQAwrK5UwLGTwt4=
github.com/pkg/errors v0.9.1/go.mod h1:bwawxfHBFNV+L2hUp1rHADufV3IMtnDRdf1r5NINEl0=
github.com/pmezard/go-difflib v1.0.0/go.mod h1:iKH77koFhYxTK1pcRnkKkqfTogsbg7gZNVY4sRDYZ/4=
github.com/stretchr/objx v0.1.0/go.mod h1:HFkY916IF+rwdDfMAkV7OtwuqBVzrE8GR6GFx+wExME=
github.com/stretchr/testify v1.4.0/go.mod h1:j7eGeouHqKxXV5pUuKE4zz7dFj8WfuZ+81PSLYec5m4=
github.com/stretchr/testify v1.6.1/go.mod h1:6Fq8oRcR53rry900zMqJjRRixrwX3KX962/h/Wwjteg=
github.com/stretchr/testify v1.7.0/go.mod h1:6Fq8oRcR53rry900zMqJjRRixrwX3KX962/h/Wwjteg=
golang.org/x/crypto v0.25.0 h1:ypSNr+bnYL2YhwoMt2zPxHFmbAN1KZs/njMG3hxUp30=
golang.org/x/crypto v0.25.0/go.mod h1:T+wALwcMOSE0kXgUAnPAHqTLW+XHgcELELW8VaDgm/M=
golang.org/x/oauth2 v0.21.0 h1:tsimM75w1tF/uws5rbeHzIWxEqElMehnc+iW793zsZs=
golang.org/x/oauth2 v0.21.0/go.mod h1:XYTD2NtWslqkgxebSiOHnXEap4TF09sJSc7H1sXbhtI=
golang.org/x/oauth2 v0.23.0 h1:PbgcYx2W7i4LvjJWEbf0ngHV6qJYr86PkAV3bXdLEbs=
golang.org/x/oauth2 v0.23.0/go.mod h1:XYTD2NtWslqkgxebSiOHnXEap4TF09sJSc7H1sXbhtI=
golang.org/x/sync v0.5.0 h1:60k92dhOjHxJkrqnwsfl8KuaHbn/5dl0lUPUklKo3qE=
golang.org/x/sync v0.5.0/go.mod h1:Czt+wKu1gCyEFDUtn0jG5QVvpJ6rzVqr5aXyt9drQfk=
golang.org/x/sync v0.8.0 h1:3NFvSEYkUoMifnESzZl15y791HH1qU2xm6eCJU5ZPXQ=
golang.org/x/sync v0.8.0/go.mod h1:Czt+wKu1gCyEFDUtn0jG5QVvpJ6rzVqr5aXyt9drQfk=
gopkg.in/check.v1 v0.0.0-20161208181325-20d25e280405/go.mod h1:Co6ibVJAznAaIkqp8huTwlJQCZ016jof/cbN4VW5Yz0=
gopkg.in/go-jose/go-jose.v2 v2.6.1 h1:qEzJlIDmG9q5VO0M/o8tGS65QMHMS1w01TQJB1VPJ4U=
gopkg.in/go-jose/go-jose.v2 v2.6.1/go.mod h1:zzZDPkNNw/c9IE7Z9jr11mBZQhKQTMzoEEIoEdZlFBI=
gopkg.in/go-jose/go-jose.v2 v2.6.3 h1:nt80fvSDlhKWQgSWyHyy5CfmlQr+asih51R8PTWNKKs=
gopkg.in/go-jose/go-jose.v2 v2.6.3/go.mod h1:zzZDPkNNw/c9IE7Z9jr11mBZQhKQTMzoEEIoEdZlFBI=
gopkg.in/yaml.v2 v2.2.2/go.mod h1:hI93XBmqTisBFMUTm0b8Fm+jr3Dg1NNxqwp+5A1VGuI=
gopkg.in/yaml.v3 v3.0.0-20200313102051-9f266ea9e77c/go.mod h1:K4uyk7z7BCEPqu6E+C64Yfv1cQ7kz7rIZviUmN+EgEM=
